
Microsoft Visual Studio Solution File, Format Version 12.00
# Visual Studio Version 16
VisualStudioVersion = 16.0.30711.63
MinimumVisualStudioVersion = 10.0.40219.1
Project("{9A19103F-16F7-4668-BE54-9A1E7A4F7556}") = "Solid.DataTypes", "Solid.DataTypes\Solid.DataTypes.csproj", "{598FA185-BAEE-4A71-9E49-C1B6C69533BF}"
EndProject
Project("{2150E333-8FDC-42A3-9474-1A3956D46DE8}") = "Tests", "Tests", "{435F69C0-9C7D-4D05-967A-0E4DD85C2DC1}"
EndProject
Project("{9A19103F-16F7-4668-BE54-9A1E7A4F7556}") = "Tests.Common", "Tests\Tests.Common\Tests.Common.csproj", "{3ED00150-C216-49BE-843F-2F24C85718DA}"
EndProject
Project("{9A19103F-16F7-4668-BE54-9A1E7A4F7556}") = "Tests.Unit.DataTypes", "Tests\Tests.Unit.DataTypes\Tests.Unit.DataTypes.csproj", "{02AF1792-1A80-4C44-B9EC-17FBCACFAA0D}"
EndProject
Project("{2150E333-8FDC-42A3-9474-1A3956D46DE8}") = "Solution Items", "Solution Items", "{5F3AAC23-9A87-42D5-AAB3-FDA8182E6928}"
	ProjectSection(SolutionItems) = preProject
		.editorconfig = .editorconfig
	EndProjectSection
EndProject
Project("{2150E333-8FDC-42A3-9474-1A3956D46DE8}") = ".nuget", ".nuget", "{AE4EC0DE-CC9D-436D-B4AD-C7EF8A5B7E5A}"
	ProjectSection(SolutionItems) = preProject
		.nuget\NuGet.Config = .nuget\NuGet.Config
	EndProjectSection
EndProject
Global
	GlobalSection(SolutionConfigurationPlatforms) = preSolution
		Debug|Any CPU = Debug|Any CPU
		Release|Any CPU = Release|Any CPU
	EndGlobalSection
	GlobalSection(ProjectConfigurationPlatforms) = postSolution
		{598FA185-BAEE-4A71-9E49-C1B6C69533BF}.Debug|Any CPU.ActiveCfg = Debug|Any CPU
		{598FA185-BAEE-4A71-9E49-C1B6C69533BF}.Debug|Any CPU.Build.0 = Debug|Any CPU
		{598FA185-BAEE-4A71-9E49-C1B6C69533BF}.Release|Any CPU.ActiveCfg = Release|Any CPU
		{598FA185-BAEE-4A71-9E49-C1B6C69533BF}.Release|Any CPU.Build.0 = Release|Any CPU
		{3ED00150-C216-49BE-843F-2F24C85718DA}.Debug|Any CPU.ActiveCfg = Debug|Any CPU
		{3ED00150-C216-49BE-843F-2F24C85718DA}.Debug|Any CPU.Build.0 = Debug|Any CPU
		{3ED00150-C216-49BE-843F-2F24C85718DA}.Release|Any CPU.ActiveCfg = Release|Any CPU
		{3ED00150-C216-49BE-843F-2F24C85718DA}.Release|Any CPU.Build.0 = Release|Any CPU
		{02AF1792-1A80-4C44-B9EC-17FBCACFAA0D}.Debug|Any CPU.ActiveCfg = Debug|Any CPU
		{02AF1792-1A80-4C44-B9EC-17FBCACFAA0D}.Debug|Any CPU.Build.0 = Debug|Any CPU
		{02AF1792-1A80-4C44-B9EC-17FBCACFAA0D}.Release|Any CPU.ActiveCfg = Release|Any CPU
		{02AF1792-1A80-4C44-B9EC-17FBCACFAA0D}.Release|Any CPU.Build.0 = Release|Any CPU
	EndGlobalSection
	GlobalSection(SolutionProperties) = preSolution
		HideSolutionNode = FALSE
	EndGlobalSection
	GlobalSection(NestedProjects) = preSolution
		{3ED00150-C216-49BE-843F-2F24C85718DA} = {435F69C0-9C7D-4D05-967A-0E4DD85C2DC1}
		{02AF1792-1A80-4C44-B9EC-17FBCACFAA0D} = {435F69C0-9C7D-4D05-967A-0E4DD85C2DC1}
	EndGlobalSection
	GlobalSection(ExtensibilityGlobals) = postSolution
		SolutionGuid = {88C56D9B-9F8D-4295-A444-A2C3F3B6C6D8}
	EndGlobalSection
EndGlobal
